
Microsoft Visual Studio Solution File, Format Version 12.00
# Visual Studio Version 17
VisualStudioVersion = 17.14.36414.22 d17.14
MinimumVisualStudioVersion = 10.0.40219.1
Project("{FAE04EC0-301F-11D3-BF4B-00C04F79EFBC}") = "PTL_Crypto", "PTL_Crypto\PTL_Crypto.csproj", "{4819868E-3717-41F1-BF9E-D6AA70DA30B5}"
EndProject
Global
	GlobalSection(SolutionConfigurationPlatforms) = preSolution
		Debug|Any CPU = Debug|Any CPU
		Release|Any CPU = Release|Any CPU
	EndGlobalSection
	GlobalSection(ProjectConfigurationPlatforms) = postSolution
		{4819868E-3717-41F1-BF9E-D6AA70DA30B5}.Debug|Any CPU.ActiveCfg = Debug|Any CPU
		{4819868E-3717-41F1-BF9E-D6AA70DA30B5}.Debug|Any CPU.Build.0 = Debug|Any CPU
		{4819868E-3717-41F1-BF9E-D6AA70DA30B5}.Release|Any CPU.ActiveCfg = Release|Any CPU
		{4819868E-3717-41F1-BF9E-D6AA70DA30B5}.Release|Any CPU.Build.0 = Release|Any CPU
	EndGlobalSection
	GlobalSection(SolutionProperties) = preSolution
		HideSolutionNode = FALSE
	EndGlobalSection
	GlobalSection(ExtensibilityGlobals) = postSolution
		SolutionGuid = {2DF98C90-5AC4-4685-B2B0-4D6DECD2F8C8}
	EndGlobalSection
EndGlobal
